// !$*UTF8*$!
{
	archiveVersion = 1;
	classes = {
	};
	objectVersion = 46;
	objects = {

/* Begin PBXBuildFile section */
		AA8D13331CCD022000C07554 /* DataParserDelegate.swift in Sources */ = {isa = PBXBuildFile; fileRef = AA8D13321CCD022000C07554 /* DataParserDelegate.swift */; };
		AAA25C321CB8207700293958 /* AppDelegate.swift in Sources */ = {isa = PBXBuildFile; fileRef = AAA25C311CB8207700293958 /* AppDelegate.swift */; };
		AAA25C341CB8207700293958 /* FirstViewController.swift in Sources */ = {isa = PBXBuildFile; fileRef = AAA25C331CB8207700293958 /* FirstViewController.swift */; };
		AAA25C361CB8207700293958 /* SecondViewController.swift in Sources */ = {isa = PBXBuildFile; fileRef = AAA25C351CB8207700293958 /* SecondViewController.swift */; };
		AAA25C391CB8207700293958 /* Main.storyboard in Resources */ = {isa = PBXBuildFile; fileRef = AAA25C371CB8207700293958 /* Main.storyboard */; };
		AAA25C3B1CB8207700293958 /* Assets.xcassets in Resources */ = {isa = PBXBuildFile; fileRef = AAA25C3A1CB8207700293958 /* Assets.xcassets */; };
		AAA25C3E1CB8207700293958 /* LaunchScreen.storyboard in Resources */ = {isa = PBXBuildFile; fileRef = AAA25C3C1CB8207700293958 /* LaunchScreen.storyboard */; };
		AAA25C461CB8212C00293958 /* ProductsTableViewController.swift in Sources */ = {isa = PBXBuildFile; fileRef = AAA25C451CB8212C00293958 /* ProductsTableViewController.swift */; };
		AAA25C481CB821C500293958 /* Product.swift in Sources */ = {isa = PBXBuildFile; fileRef = AAA25C471CB821C500293958 /* Product.swift */; };
		AAE64F9D1CC160E40021595F /* TCPStreamer.swift in Sources */ = {isa = PBXBuildFile; fileRef = AAE64F9C1CC160E40021595F /* TCPStreamer.swift */; };
/* End PBXBuildFile section */

/* Begin PBXFileReference section */
		AA8D13321CCD022000C07554 /* DataParserDelegate.swift */ = {isa = PBXFileReference; fileEncoding = 4; lastKnownFileType = sourcecode.swift; path = DataParserDelegate.swift; sourceTree = "<group>"; };
		AAA25C2E1CB8207700293958 /* CMarket.app */ = {isa = PBXFileReference; explicitFileType = wrapper.application; includeInIndex = 0; path = CMarket.app; sourceTree = BUILT_PRODUCTS_DIR; };
		AAA25C311CB8207700293958 /* AppDelegate.swift */ = {isa = PBXFileReference; lastKnownFileType = sourcecode.swift; path = AppDelegate.swift; sourceTree = "<group>"; };
		AAA25C331CB8207700293958 /* FirstViewController.swift */ = {isa = PBXFileReference; lastKnownFileType = sourcecode.swift; path = FirstViewController.swift; sourceTree = "<group>"; };
		AAA25C351CB8207700293958 /* SecondViewController.swift */ = {isa = PBXFileReference; lastKnownFileType = sourcecode.swift; path = SecondViewController.swift; sourceTree = "<group>"; };
		AAA25C381CB8207700293958 /* Base */ = {isa = PBXFileReference; lastKnownFileType = file.storyboard; name = Base; path = Base.lproj/Main.storyboard; sourceTree = "<group>"; };
		AAA25C3A1CB8207700293958 /* Assets.xcassets */ = {isa = PBXFileReference; lastKnownFileType = folder.assetcatalog; path = Assets.xcassets; sourceTree = "<group>"; };
		AAA25C3D1CB8207700293958 /* Base */ = {isa = PBXFileReference; lastKnownFileType = file.storyboard; name = Base; path = Base.lproj/LaunchScreen.storyboard; sourceTree = "<group>"; };
		AAA25C3F1CB8207700293958 /* Info.plist */ = {isa = PBXFileReference; lastKnownFileType = text.plist.xml; path = Info.plist; sourceTree = "<group>"; };
		AAA25C451CB8212C00293958 /* ProductsTableViewController.swift */ = {isa = PBXFileReference; fileEncoding = 4; lastKnownFileType = sourcecode.swift; path = ProductsTableViewController.swift; sourceTree = "<group>"; };
		AAA25C471CB821C500293958 /* Product.swift */ = {isa = PBXFileReference; fileEncoding = 4; lastKnownFileType = sourcecode.swift; path = Product.swift; sourceTree = "<group>"; };
		AAE64F9C1CC160E40021595F /* TCPStreamer.swift */ = {isa = PBXFileReference; fileEncoding = 4; lastKnownFileType = sourcecode.swift; path = TCPStreamer.swift; sourceTree = "<group>"; };
/* End PBXFileReference section */

/* Begin PBXFrameworksBuildPhase section */
		AAA25C2B1CB8207700293958 /* Frameworks */ = {
			isa = PBXFrameworksBuildPhase;
			buildActionMask = 2147483647;
			files = (
			);
			runOnlyForDeploymentPostprocessing = 0;
		};
/* End PBXFrameworksBuildPhase section */

/* Begin PBXGroup section */
		AAA25C251CB8207700293958 = {
			isa = PBXGroup;
			children = (
				AAA25C301CB8207700293958 /* CMarket */,
				AAA25C2F1CB8207700293958 /* Products */,
			);
			sourceTree = "<group>";
		};
		AAA25C2F1CB8207700293958 /* Products */ = {
			isa = PBXGroup;
			children = (
				AAA25C2E1CB8207700293958 /* CMarket.app */,
			);
			name = Products;
			sourceTree = "<group>";
		};
		AAA25C301CB8207700293958 /* CMarket */ = {
			isa = PBXGroup;
			children = (
				AA8D13321CCD022000C07554 /* DataParserDelegate.swift */,
				AAE64F9C1CC160E40021595F /* TCPStreamer.swift */,
				AAA25C311CB8207700293958 /* AppDelegate.swift */,
				AAA25C331CB8207700293958 /* FirstViewController.swift */,
				AAA25C351CB8207700293958 /* SecondViewController.swift */,
				AAA25C371CB8207700293958 /* Main.storyboard */,
				AAA25C451CB8212C00293958 /* ProductsTableViewController.swift */,
				AAA25C471CB821C500293958 /* Product.swift */,
				AAA25C3C1CB8207700293958 /* LaunchScreen.storyboard */,
				AAA25C3F1CB8207700293958 /* Info.plist */,
				AAA25C3A1CB8207700293958 /* Assets.xcassets */,
			);
			path = CMarket;
			sourceTree = "<group>";
		};
/* End PBXGroup section */

/* Begin PBXNativeTarget section */
		AAA25C2D1CB8207700293958 /* CMarket */ = {
			isa = PBXNativeTarget;
			buildConfigurationList = AAA25C421CB8207700293958 /* Build configuration list for PBXNativeTarget "CMarket" */;
			buildPhases = (
				AAA25C2A1CB8207700293958 /* Sources */,
				AAA25C2B1CB8207700293958 /* Frameworks */,
				AAA25C2C1CB8207700293958 /* Resources */,
			);
			buildRules = (
			);
			dependencies = (
			);
			name = CMarket;
			productName = CMarket;
			productReference = AAA25C2E1CB8207700293958 /* CMarket.app */;
			productType = "com.apple.product-type.application";
		};
/* End PBXNativeTarget section */

/* Begin PBXProject section */
		AAA25C261CB8207700293958 /* Project object */ = {
			isa = PBXProject;
			attributes = {
				LastSwiftUpdateCheck = 0720;
				LastUpgradeCheck = 0720;
				ORGANIZATIONNAME = "christian scorza";
				TargetAttributes = {
					AAA25C2D1CB8207700293958 = {
						CreatedOnToolsVersion = 7.2.1;
						DevelopmentTeam = HS62WN6KHJ;
					};
				};
			};
			buildConfigurationList = AAA25C291CB8207700293958 /* Build configuration list for PBXProject "CMarket" */;
			compatibilityVersion = "Xcode 3.2";
			developmentRegion = English;
			hasScannedForEncodings = 0;
			knownRegions = (
				en,
				Base,
			);
			mainGroup = AAA25C251CB8207700293958;
			productRefGroup = AAA25C2F1CB8207700293958 /* Products */;
			projectDirPath = "";
			projectRoot = "";
			targets = (
				AAA25C2D1CB8207700293958 /* CMarket */,
			);
		};
/* End PBXProject section */

/* Begin PBXResourcesBuildPhase section */
		AAA25C2C1CB8207700293958 /* Resources */ = {
			isa = PBXResourcesBuildPhase;
			buildActionMask = 2147483647;
			files = (
				AAA25C3E1CB8207700293958 /* LaunchScreen.storyboard in Resources */,
				AAA25C3B1CB8207700293958 /* Assets.xcassets in Resources */,
				AAA25C391CB8207700293958 /* Main.storyboard in Resources */,
			);
			runOnlyForDeploymentPostprocessing = 0;
		};
/* End PBXResourcesBuildPhase section */

/* Begin PBXSourcesBuildPhase section */
		AAA25C2A1CB8207700293958 /* Sources */ = {
			isa = PBXSourcesBuildPhase;
			buildActionMask = 2147483647;
			files = (
				AAA25C361CB8207700293958 /* SecondViewController.swift in Sources */,
				AAA25C461CB8212C00293958 /* ProductsTableViewController.swift in Sources */,
				AAA25C481CB821C500293958 /* Product.swift in Sources */,
				AA8D13331CCD022000C07554 /* DataParserDelegate.swift in Sources */,
				AAA25C321CB8207700293958 /* AppDelegate.swift in Sources */,
				AAE64F9D1CC160E40021595F /* TCPStreamer.swift in Sources */,
				AAA25C341CB8207700293958 /* FirstViewController.swift in Sources */,
			);
			runOnlyForDeploymentPostprocessing = 0;
		};
/* End PBXSourcesBuildPhase section */

/* Begin PBXVariantGroup section */
		AAA25C371CB8207700293958 /* Main.storyboard */ = {
			isa = PBXVariantGroup;
			children = (
				AAA25C381CB8207700293958 /* Base */,
			);
			name = Main.storyboard;
			sourceTree = "<group>";
		};
		AAA25C3C1CB8207700293958 /* LaunchScreen.storyboard */ = {
			isa = PBXVariantGroup;
			children = (
				AAA25C3D1CB8207700293958 /* Base */,
			);
			name = LaunchScreen.storyboard;
			sourceTree = "<group>";
		};
/* End PBXVariantGroup section */

/* Begin XCBuildConfiguration section */
		AAA25C401CB8207700293958 /* Debug */ = {
			isa = XCBuildConfiguration;
			buildSettings = {
				ALWAYS_SEARCH_USER_PATHS = NO;
				CLANG_CXX_LANGUAGE_STANDARD = "gnu++0x";
				CLANG_CXX_LIBRARY = "libc++";
				CLANG_ENABLE_MODULES = YES;
				CLANG_ENABLE_OBJC_ARC = YES;
				CLANG_WARN_BOOL_CONVERSION = YES;
				CLANG_WARN_CONSTANT_CONVERSION = YES;
				CLANG_WARN_DIRECT_OBJC_ISA_USAGE = YES_ERROR;
				CLANG_WARN_EMPTY_BODY = YES;
				CLANG_WARN_ENUM_CONVERSION = YES;
				CLANG_WARN_INT_CONVERSION = YES;
				CLANG_WARN_OBJC_ROOT_CLASS = YES_ERROR;
				CLANG_WARN_UNREACHABLE_CODE = YES;
				CLANG_WARN__DUPLICATE_METHOD_MATCH = YES;
				"CODE_SIGN_IDENTITY[sdk=iphoneos*]" = "iPhone Developer";
				COPY_PHASE_STRIP = NO;
				DEBUG_INFORMATION_FORMAT = dwarf;
				ENABLE_STRICT_OBJC_MSGSEND = YES;
				ENABLE_TESTABILITY = YES;
				GCC_C_LANGUAGE_STANDARD = gnu99;
				GCC_DYNAMIC_NO_PIC = NO;
				GCC_NO_COMMON_BLOCKS = YES;
				GCC_OPTIMIZATION_LEVEL = 0;
				GCC_PREPROCESSOR_DEFINITIONS = (
					"DEBUG=1",
					"$(inherited)",
				);
				GCC_WARN_64_TO_32_BIT_CONVERSION = YES;
				GCC_WARN_ABOUT_RETURN_TYPE = YES_ERROR;
				GCC_WARN_UNDECLARED_SELECTOR = YES;
				GCC_WARN_UNINITIALIZED_AUTOS = YES_AGGRESSIVE;
				GCC_WARN_UNUSED_FUNCTION = YES;
				GCC_WARN_UNUSED_VARIABLE = YES;
				IPHONEOS_DEPLOYMENT_TARGET = 9.2;
				MTL_ENABLE_DEBUG_INFO = YES;
				ONLY_ACTIVE_ARCH = YES;
				SDKROOT = iphoneos;
				SWIFT_OPTIMIZATION_LEVEL = "-Onone";
			};
			name = Debug;
		};
		AAA25C411CB8207700293958 /* Release */ = {
			isa = XCBuildConfiguration;
			buildSettings = {
				ALWAYS_SEARCH_USER_PATHS = NO;
				CLANG_CXX_LANGUAGE_STANDARD = "gnu++0x";
				CLANG_CXX_LIBRARY = "libc++";
				CLANG_ENABLE_MODULES = YES;
				CLANG_ENABLE_OBJC_ARC = YES;
				CLANG_WARN_BOOL_CONVERSION = YES;
				CLANG_WARN_CONSTANT_CONVERSION = YES;
				CLANG_WARN_DIRECT_OBJC_ISA_USAGE = YES_ERROR;
				CLANG_WARN_EMPTY_BODY = YES;
				CLANG_WARN_ENUM_CONVERSION = YES;
				CLANG_WARN_INT_CONVERSION = YES;
				CLANG_WARN_OBJC_ROOT_CLASS = YES_ERROR;
				CLANG_WARN_UNREACHABLE_CODE = YES;
				CLANG_WARN__DUPLICATE_METHOD_MATCH = YES;
				"CODE_SIGN_IDENTITY[sdk=iphoneos*]" = "iPhone Developer";
				COPY_PHASE_STRIP = NO;
				DEBUG_INFORMATION_FORMAT = "dwarf-with-dsym";
				ENABLE_NS_ASSERTIONS = NO;
				ENABLE_STRICT_OBJC_MSGSEND = YES;
				GCC_C_LANGUAGE_STANDARD = gnu99;
				GCC_NO_COMMON_BLOCKS = YES;
				GCC_WARN_64_TO_32_BIT_CONVERSION = YES;
				GCC_WARN_ABOUT_RETURN_TYPE = YES_ERROR;
				GCC_WARN_UNDECLARED_SELECTOR = YES;
				GCC_WARN_UNINITIALIZED_AUTOS = YES_AGGRESSIVE;
				GCC_WARN_UNUSED_FUNCTION = YES;
				GCC_WARN_UNUSED_VARIABLE = YES;
				IPHONEOS_DEPLOYMENT_TARGET = 9.2;
				MTL_ENABLE_DEBUG_INFO = NO;
				SDKROOT = iphoneos;
				VALIDATE_PRODUCT = YES;
			};
			name = Release;
		};
		AAA25C431CB8207700293958 /* Debug */ = {
			isa = XCBuildConfiguration;
			buildSettings = {
				ASSETCATALOG_COMPILER_APPICON_NAME = AppIcon;
				INFOPLIST_FILE = CMarket/Info.plist;
				LD_RUNPATH_SEARCH_PATHS = "$(inherited) @executable_path/Frameworks";
				PRODUCT_BUNDLE_IDENTIFIER = christianScorza.CMarket;
				PRODUCT_NAME = "$(TARGET_NAME)";
			};
			name = Debug;
		};
		AAA25C441CB8207700293958 /* Release */ = {
			isa = XCBuildConfiguration;
			buildSettings = {
				ASSETCATALOG_COMPILER_APPICON_NAME = AppIcon;
				INFOPLIST_FILE = CMarket/Info.plist;
				LD_RUNPATH_SEARCH_PATHS = "$(inherited) @executable_path/Frameworks";
				PRODUCT_BUNDLE_IDENTIFIER = christianScorza.CMarket;
				PRODUCT_NAME = "$(TARGET_NAME)";
			};
			name = Release;
		};
/* End XCBuildConfiguration section */

/* Begin XCConfigurationList section */
		AAA25C291CB8207700293958 /* Build configuration list for PBXProject "CMarket" */ = {
			isa = XCConfigurationList;
			buildConfigurations = (
				AAA25C401CB8207700293958 /* Debug */,
				AAA25C411CB8207700293958 /* Release */,
			);
			defaultConfigurationIsVisible = 0;
			defaultConfigurationName = Release;
		};
		AAA25C421CB8207700293958 /* Build configuration list for PBXNativeTarget "CMarket" */ = {
			isa = XCConfigurationList;
			buildConfigurations = (
				AAA25C431CB8207700293958 /* Debug */,
				AAA25C441CB8207700293958 /* Release */,
			);
			defaultConfigurationIsVisible = 0;
			defaultConfigurationName = Release;
		};
/* End XCConfigurationList section */
	};
	rootObject = AAA25C261CB8207700293958 /* Project object */;
}
